
Microsoft Visual Studio Solution File, Format Version 12.00
# Visual Studio Version 16
VisualStudioVersion = 16.0.30907.101
MinimumVisualStudioVersion = 10.0.40219.1
Project("{FAE04EC0-301F-11D3-BF4B-00C04F79EFBC}") = "SlagalicaMojBroj", "SlagalicaMojBroj\SlagalicaMojBroj.csproj", "{28EBF91D-6FDE-4592-8E30-327292890DF4}"
EndProject
Global
	GlobalSection(SolutionConfigurationPlatforms) = preSolution
		Debug|Any CPU = Debug|Any CPU
		Release|Any CPU = Release|Any CPU
	EndGlobalSection
	GlobalSection(ProjectConfigurationPlatforms) = postSolution
		{28EBF91D-6FDE-4592-8E30-327292890DF4}.Debug|Any CPU.ActiveCfg = Debug|Any CPU
		{28EBF91D-6FDE-4592-8E30-327292890DF4}.Debug|Any CPU.Build.0 = Debug|Any CPU
		{28EBF91D-6FDE-4592-8E30-327292890DF4}.Release|Any CPU.ActiveCfg = Release|Any CPU
		{28EBF91D-6FDE-4592-8E30-327292890DF4}.Release|Any CPU.Build.0 = Release|Any CPU
	EndGlobalSection
	GlobalSection(SolutionProperties) = preSolution
		HideSolutionNode = FALSE
	EndGlobalSection
	GlobalSection(ExtensibilityGlobals) = postSolution
		SolutionGuid = {5FFC1160-14B6-4A9D-BF6A-36B299566A9F}
	EndGlobalSection
EndGlobal
